
Microsoft Visual Studio Solution File, Format Version 12.00
# Visual Studio Version 17
VisualStudioVersion = 17.7.34031.279
MinimumVisualStudioVersion = 10.0.40219.1
Project("{FAE04EC0-301F-11D3-BF4B-00C04F79EFBC}") = "PrimeiroTeste", "PrimeiroTeste.csproj", "{D6DC7B08-B613-4C16-B1A4-058CD201FAE3}"
EndProject
Global
	GlobalSection(SolutionConfigurationPlatforms) = preSolution
		Debug|Any CPU = Debug|Any CPU
		Release|Any CPU = Release|Any CPU
	EndGlobalSection
	GlobalSection(ProjectConfigurationPlatforms) = postSolution
		{D6DC7B08-B613-4C16-B1A4-058CD201FAE3}.Debug|Any CPU.ActiveCfg = Debug|Any CPU
		{D6DC7B08-B613-4C16-B1A4-058CD201FAE3}.Debug|Any CPU.Build.0 = Debug|Any CPU
		{D6DC7B08-B613-4C16-B1A4-058CD201FAE3}.Release|Any CPU.ActiveCfg = Release|Any CPU
		{D6DC7B08-B613-4C16-B1A4-058CD201FAE3}.Release|Any CPU.Build.0 = Release|Any CPU
	EndGlobalSection
	GlobalSection(SolutionProperties) = preSolution
		HideSolutionNode = FALSE
	EndGlobalSection
	GlobalSection(ExtensibilityGlobals) = postSolution
		SolutionGuid = {585A414A-01F2-4841-9A2B-22256D60EC4F}
	EndGlobalSection
EndGlobal
