
Microsoft Visual Studio Solution File, Format Version 12.00
# Visual Studio Version 17
VisualStudioVersion = 17.7.34031.279
MinimumVisualStudioVersion = 10.0.40219.1
Project("{FAE04EC0-301F-11D3-BF4B-00C04F79EFBC}") = "BuscarFunc", "BuscarFunc.csproj", "{1F4CB2EB-835E-4C54-AA8A-6B4B35CA05D4}"
EndProject
Global
	GlobalSection(SolutionConfigurationPlatforms) = preSolution
		Debug|Any CPU = Debug|Any CPU
		Release|Any CPU = Release|Any CPU
	EndGlobalSection
	GlobalSection(ProjectConfigurationPlatforms) = postSolution
		{1F4CB2EB-835E-4C54-AA8A-6B4B35CA05D4}.Debug|Any CPU.ActiveCfg = Debug|Any CPU
		{1F4CB2EB-835E-4C54-AA8A-6B4B35CA05D4}.Debug|Any CPU.Build.0 = Debug|Any CPU
		{1F4CB2EB-835E-4C54-AA8A-6B4B35CA05D4}.Release|Any CPU.ActiveCfg = Release|Any CPU
		{1F4CB2EB-835E-4C54-AA8A-6B4B35CA05D4}.Release|Any CPU.Build.0 = Release|Any CPU
	EndGlobalSection
	GlobalSection(SolutionProperties) = preSolution
		HideSolutionNode = FALSE
	EndGlobalSection
	GlobalSection(ExtensibilityGlobals) = postSolution
		SolutionGuid = {46083E29-C485-46EB-BD87-B80D965F3E68}
	EndGlobalSection
EndGlobal
